{
    "version": 3,
    "terraform_version": "0.11.7",
    "serial": 53,
    "lineage": "2bc375e4-c802-948b-20d4-7ff588b666c5",
    "modules": [
        {
            "path": [
                "root"
            ],
            "outputs": {},
            "resources": {
                "aws_elb.elb_manvir": {
                    "type": "aws_elb",
                    "depends_on": [
                        "aws_instance.app-instance",
                        "aws_security_group.elb_sg_manvir",
                        "aws_subnet.elb_subnet"
                    ],
                    "primary": {
                        "id": "elb-manvir",
                        "attributes": {
                            "access_logs.#": "0",
                            "arn": "arn:aws:elasticloadbalancing:eu-west-1:135928476890:loadbalancer/elb-manvir",
                            "availability_zones.#": "1",
                            "availability_zones.3953592328": "eu-west-1a",
                            "connection_draining": "false",
                            "connection_draining_timeout": "300",
                            "cross_zone_load_balancing": "true",
                            "dns_name": "elb-manvir-2136637171.eu-west-1.elb.amazonaws.com",
                            "health_check.#": "1",
                            "health_check.0.healthy_threshold": "2",
                            "health_check.0.interval": "30",
                            "health_check.0.target": "HTTP:80/",
                            "health_check.0.timeout": "3",
                            "health_check.0.unhealthy_threshold": "2",
                            "id": "elb-manvir",
                            "idle_timeout": "60",
                            "instances.#": "1",
                            "instances.1434405969": "i-0dc9758e4bc50f52a",
                            "internal": "false",
                            "listener.#": "1",
                            "listener.2974294026.instance_port": "80",
                            "listener.2974294026.instance_protocol": "tcp",
                            "listener.2974294026.lb_port": "80",
                            "listener.2974294026.lb_protocol": "tcp",
                            "listener.2974294026.ssl_certificate_id": "",
                            "name": "elb-manvir",
                            "security_groups.#": "1",
                            "security_groups.114941374": "sg-0c0b5b9d430417f3e",
                            "source_security_group": "135928476890/elb-sg-manvir",
                            "source_security_group_id": "sg-0c0b5b9d430417f3e",
                            "subnets.#": "1",
                            "subnets.3242185078": "subnet-05e1d20fd61a710d4",
                            "tags.%": "1",
                            "tags.Name": "elb-manvir",
                            "zone_id": "Z32O12XQLNTSW2"
                        },
                        "meta": {},
                        "tainted": false
                    },
                    "deposed": [],
                    "provider": "provider.aws"
                },
                "aws_instance.app-instance": {
                    "type": "aws_instance",
                    "depends_on": [
                        "aws_security_group.app_sg_manvir",
                        "aws_subnet.app_subnet",
                        "data.template_file.app_user_data"
                    ],
                    "primary": {
                        "id": "i-0dc9758e4bc50f52a",
                        "attributes": {
                            "ami": "ami-c2b8bfbb",
                            "arn": "arn:aws:ec2:eu-west-1:135928476890:instance/i-0dc9758e4bc50f52a",
                            "associate_public_ip_address": "false",
                            "availability_zone": "eu-west-1a",
                            "cpu_core_count": "1",
                            "cpu_threads_per_core": "1",
                            "credit_specification.#": "1",
                            "credit_specification.0.cpu_credits": "standard",
                            "disable_api_termination": "false",
                            "ebs_block_device.#": "0",
                            "ebs_optimized": "false",
                            "ephemeral_block_device.#": "0",
                            "get_password_data": "false",
                            "iam_instance_profile": "",
                            "id": "i-0dc9758e4bc50f52a",
                            "instance_state": "running",
                            "instance_type": "t2.micro",
                            "ipv6_addresses.#": "0",
                            "key_name": "",
                            "monitoring": "false",
                            "network_interface.#": "0",
                            "network_interface_id": "eni-012f30bf5dcf53bed",
                            "password_data": "",
                            "placement_group": "",
                            "primary_network_interface_id": "eni-012f30bf5dcf53bed",
                            "private_dns": "ip-10-5-0-133.eu-west-1.compute.internal",
                            "private_ip": "10.5.0.133",
                            "public_dns": "",
                            "public_ip": "",
                            "root_block_device.#": "1",
                            "root_block_device.0.delete_on_termination": "true",
                            "root_block_device.0.iops": "100",
                            "root_block_device.0.volume_id": "vol-02cba004f4450103c",
                            "root_block_device.0.volume_size": "8",
                            "root_block_device.0.volume_type": "gp2",
                            "security_groups.#": "0",
                            "source_dest_check": "true",
                            "subnet_id": "subnet-0d22382d3485700e6",
                            "tags.%": "1",
                            "tags.Name": "Manvir-app",
                            "tenancy": "default",
                            "user_data": "60ee9200a340bc15392e24320308377b9ad2e834",
                            "volume_tags.%": "0",
                            "vpc_security_group_ids.#": "1",
                            "vpc_security_group_ids.838680286": "sg-08f93831cbd37f1a6"
                        },
                        "meta": {
                            "e2bfb730-ecaa-11e6-8f88-34363bc7c4c0": {
                                "create": 600000000000,
                                "delete": 1200000000000,
                                "update": 600000000000
                            },
                            "schema_version": "1"
                        },
                        "tainted": false
                    },
                    "deposed": [],
                    "provider": "provider.aws"
                },
                "aws_instance.db_instance": {
                    "type": "aws_instance",
                    "depends_on": [
                        "aws_security_group.db_sg_manvir",
                        "aws_subnet.db_subnet"
                    ],
                    "primary": {
                        "id": "i-06075cc36930e7933",
                        "attributes": {
                            "ami": "ami-01020378",
                            "arn": "arn:aws:ec2:eu-west-1:135928476890:instance/i-06075cc36930e7933",
                            "associate_public_ip_address": "false",
                            "availability_zone": "eu-west-1a",
                            "cpu_core_count": "1",
                            "cpu_threads_per_core": "1",
                            "credit_specification.#": "1",
                            "credit_specification.0.cpu_credits": "standard",
                            "disable_api_termination": "false",
                            "ebs_block_device.#": "0",
                            "ebs_optimized": "false",
                            "ephemeral_block_device.#": "0",
                            "get_password_data": "false",
                            "iam_instance_profile": "",
                            "id": "i-06075cc36930e7933",
                            "instance_state": "running",
                            "instance_type": "t2.micro",
                            "ipv6_addresses.#": "0",
                            "key_name": "",
                            "monitoring": "false",
                            "network_interface.#": "0",
                            "network_interface_id": "eni-096a0e41f2e6b656a",
                            "password_data": "",
                            "placement_group": "",
                            "primary_network_interface_id": "eni-096a0e41f2e6b656a",
                            "private_dns": "ip-10-5-1-108.eu-west-1.compute.internal",
                            "private_ip": "10.5.1.108",
                            "public_dns": "",
                            "public_ip": "",
                            "root_block_device.#": "1",
                            "root_block_device.0.delete_on_termination": "true",
                            "root_block_device.0.iops": "100",
                            "root_block_device.0.volume_id": "vol-0af8428be8b60f640",
                            "root_block_device.0.volume_size": "8",
                            "root_block_device.0.volume_type": "gp2",
                            "security_groups.#": "0",
                            "source_dest_check": "true",
                            "subnet_id": "subnet-004f1b5ef19585b63",
                            "tags.%": "1",
                            "tags.Name": "Manvir-db",
                            "tenancy": "default",
                            "volume_tags.%": "0",
                            "vpc_security_group_ids.#": "1",
                            "vpc_security_group_ids.554216174": "sg-0dc440c18909e8764"
                        },
                        "meta": {
                            "e2bfb730-ecaa-11e6-8f88-34363bc7c4c0": {
                                "create": 600000000000,
                                "delete": 1200000000000,
                                "update": 600000000000
                            },
                            "schema_version": "1"
                        },
                        "tainted": false
                    },
                    "deposed": [],
                    "provider": "provider.aws"
                },
                "aws_internet_gateway.gw": {
                    "type": "aws_internet_gateway",
                    "depends_on": [
                        "aws_vpc.manvir_vpc"
                    ],
                    "primary": {
                        "id": "igw-01140697fdb4bf5ff",
                        "attributes": {
                            "id": "igw-01140697fdb4bf5ff",
                            "tags.%": "1",
                            "tags.Name": "main",
                            "vpc_id": "vpc-0dd89bfdd359d29a5"
                        },
                        "meta": {},
                        "tainted": false
                    },
                    "deposed": [],
                    "provider": "provider.aws"
                },
                "aws_route53_record.www": {
                    "type": "aws_route53_record",
                    "depends_on": [
                        "aws_elb.elb_manvir"
                    ],
                    "primary": {
                        "id": "Z3CCIZELFLJ3SC_manvir.spartaglobal.education_CNAME",
                        "attributes": {
                            "allow_overwrite": "true",
                            "fqdn": "manvir.spartaglobal.education",
                            "id": "Z3CCIZELFLJ3SC_manvir.spartaglobal.education_CNAME",
                            "name": "manvir.spartaglobal.education",
                            "records.#": "1",
                            "records.645026514": "elb-manvir-2136637171.eu-west-1.elb.amazonaws.com",
                            "ttl": "300",
                            "type": "CNAME",
                            "zone_id": "Z3CCIZELFLJ3SC"
                        },
                        "meta": {
                            "schema_version": "2"
                        },
                        "tainted": false
                    },
                    "deposed": [],
                    "provider": "provider.aws"
                },
                "aws_route_table.manvir_route_table": {
                    "type": "aws_route_table",
                    "depends_on": [
                        "aws_internet_gateway.gw",
                        "aws_vpc.manvir_vpc"
                    ],
                    "primary": {
                        "id": "rtb-0b69368b8bf186533",
                        "attributes": {
                            "id": "rtb-0b69368b8bf186533",
                            "propagating_vgws.#": "0",
                            "route.#": "1",
                            "route.3655146985.cidr_block": "0.0.0.0/0",
                            "route.3655146985.egress_only_gateway_id": "",
                            "route.3655146985.gateway_id": "igw-01140697fdb4bf5ff",
                            "route.3655146985.instance_id": "",
                            "route.3655146985.ipv6_cidr_block": "",
                            "route.3655146985.nat_gateway_id": "",
                            "route.3655146985.network_interface_id": "",
                            "route.3655146985.vpc_peering_connection_id": "",
                            "tags.%": "1",
                            "tags.Name": "manvir-route-table",
                            "vpc_id": "vpc-0dd89bfdd359d29a5"
                        },
                        "meta": {},
                        "tainted": false
                    },
                    "deposed": [],
                    "provider": "provider.aws"
                },
                "aws_route_table_association.a": {
                    "type": "aws_route_table_association",
                    "depends_on": [
                        "aws_route_table.manvir_route_table",
                        "aws_subnet.elb_subnet"
                    ],
                    "primary": {
                        "id": "rtbassoc-0b91d60275daf6f59",
                        "attributes": {
                            "id": "rtbassoc-0b91d60275daf6f59",
                            "route_table_id": "rtb-0b69368b8bf186533",
                            "subnet_id": "subnet-05e1d20fd61a710d4"
                        },
                        "meta": {},
                        "tainted": false
                    },
                    "deposed": [],
                    "provider": "provider.aws"
                },
                "aws_security_group.app_sg_manvir": {
                    "type": "aws_security_group",
                    "depends_on": [
                        "aws_security_group.elb_sg_manvir",
                        "aws_vpc.manvir_vpc"
                    ],
                    "primary": {
                        "id": "sg-08f93831cbd37f1a6",
                        "attributes": {
                            "arn": "arn:aws:ec2:eu-west-1:135928476890:security-group/sg-08f93831cbd37f1a6",
                            "description": "security group for app",
                            "egress.#": "1",
                            "egress.2823647884.cidr_blocks.#": "1",
                            "egress.2823647884.cidr_blocks.0": "10.5.1.0/24",
                            "egress.2823647884.description": "",
                            "egress.2823647884.from_port": "0",
                            "egress.2823647884.ipv6_cidr_blocks.#": "0",
                            "egress.2823647884.prefix_list_ids.#": "0",
                            "egress.2823647884.protocol": "-1",
                            "egress.2823647884.security_groups.#": "0",
                            "egress.2823647884.self": "false",
                            "egress.2823647884.to_port": "0",
                            "id": "sg-08f93831cbd37f1a6",
                            "ingress.#": "1",
                            "ingress.636077534.cidr_blocks.#": "1",
                            "ingress.636077534.cidr_blocks.0": "10.5.1.0/24",
                            "ingress.636077534.description": "",
                            "ingress.636077534.from_port": "0",
                            "ingress.636077534.ipv6_cidr_blocks.#": "0",
                            "ingress.636077534.protocol": "-1",
                            "ingress.636077534.security_groups.#": "1",
                            "ingress.636077534.security_groups.114941374": "sg-0c0b5b9d430417f3e",
                            "ingress.636077534.self": "false",
                            "ingress.636077534.to_port": "0",
                            "name": "app-sg-manvir",
                            "owner_id": "135928476890",
                            "revoke_rules_on_delete": "false",
                            "tags.%": "0",
                            "vpc_id": "vpc-0dd89bfdd359d29a5"
                        },
                        "meta": {
                            "e2bfb730-ecaa-11e6-8f88-34363bc7c4c0": {
                                "create": 600000000000,
                                "delete": 600000000000
                            },
                            "schema_version": "1"
                        },
                        "tainted": false
                    },
                    "deposed": [],
                    "provider": "provider.aws"
                },
                "aws_security_group.db_sg_manvir": {
                    "type": "aws_security_group",
                    "depends_on": [
                        "aws_security_group.app_sg_manvir",
                        "aws_vpc.manvir_vpc"
                    ],
                    "primary": {
                        "id": "sg-0dc440c18909e8764",
                        "attributes": {
                            "arn": "arn:aws:ec2:eu-west-1:135928476890:security-group/sg-0dc440c18909e8764",
                            "description": "security group for db",
                            "egress.#": "1",
                            "egress.238713144.cidr_blocks.#": "1",
                            "egress.238713144.cidr_blocks.0": "10.5.0.0/24",
                            "egress.238713144.description": "",
                            "egress.238713144.from_port": "0",
                            "egress.238713144.ipv6_cidr_blocks.#": "0",
                            "egress.238713144.prefix_list_ids.#": "0",
                            "egress.238713144.protocol": "-1",
                            "egress.238713144.security_groups.#": "0",
                            "egress.238713144.self": "false",
                            "egress.238713144.to_port": "0",
                            "id": "sg-0dc440c18909e8764",
                            "ingress.#": "1",
                            "ingress.3283931793.cidr_blocks.#": "0",
                            "ingress.3283931793.description": "",
                            "ingress.3283931793.from_port": "0",
                            "ingress.3283931793.ipv6_cidr_blocks.#": "0",
                            "ingress.3283931793.protocol": "-1",
                            "ingress.3283931793.security_groups.#": "1",
                            "ingress.3283931793.security_groups.838680286": "sg-08f93831cbd37f1a6",
                            "ingress.3283931793.self": "false",
                            "ingress.3283931793.to_port": "0",
                            "name": "db-sg-manvir",
                            "owner_id": "135928476890",
                            "revoke_rules_on_delete": "false",
                            "tags.%": "0",
                            "vpc_id": "vpc-0dd89bfdd359d29a5"
                        },
                        "meta": {
                            "e2bfb730-ecaa-11e6-8f88-34363bc7c4c0": {
                                "create": 600000000000,
                                "delete": 600000000000
                            },
                            "schema_version": "1"
                        },
                        "tainted": false
                    },
                    "deposed": [],
                    "provider": "provider.aws"
                },
                "aws_security_group.elb_sg_manvir": {
                    "type": "aws_security_group",
                    "depends_on": [
                        "aws_vpc.manvir_vpc"
                    ],
                    "primary": {
                        "id": "sg-0c0b5b9d430417f3e",
                        "attributes": {
                            "arn": "arn:aws:ec2:eu-west-1:135928476890:security-group/sg-0c0b5b9d430417f3e",
                            "description": "security group for elb",
                            "egress.#": "1",
                            "egress.2214680975.cidr_blocks.#": "1",
                            "egress.2214680975.cidr_blocks.0": "0.0.0.0/0",
                            "egress.2214680975.description": "",
                            "egress.2214680975.from_port": "80",
                            "egress.2214680975.ipv6_cidr_blocks.#": "0",
                            "egress.2214680975.prefix_list_ids.#": "0",
                            "egress.2214680975.protocol": "tcp",
                            "egress.2214680975.security_groups.#": "0",
                            "egress.2214680975.self": "false",
                            "egress.2214680975.to_port": "80",
                            "id": "sg-0c0b5b9d430417f3e",
                            "ingress.#": "1",
                            "ingress.2214680975.cidr_blocks.#": "1",
                            "ingress.2214680975.cidr_blocks.0": "0.0.0.0/0",
                            "ingress.2214680975.description": "",
                            "ingress.2214680975.from_port": "80",
                            "ingress.2214680975.ipv6_cidr_blocks.#": "0",
                            "ingress.2214680975.protocol": "tcp",
                            "ingress.2214680975.security_groups.#": "0",
                            "ingress.2214680975.self": "false",
                            "ingress.2214680975.to_port": "80",
                            "name": "elb-sg-manvir",
                            "owner_id": "135928476890",
                            "revoke_rules_on_delete": "false",
                            "tags.%": "0",
                            "vpc_id": "vpc-0dd89bfdd359d29a5"
                        },
                        "meta": {
                            "e2bfb730-ecaa-11e6-8f88-34363bc7c4c0": {
                                "create": 600000000000,
                                "delete": 600000000000
                            },
                            "schema_version": "1"
                        },
                        "tainted": false
                    },
                    "deposed": [],
                    "provider": "provider.aws"
                },
                "aws_subnet.app_subnet": {
                    "type": "aws_subnet",
                    "depends_on": [
                        "aws_vpc.manvir_vpc"
                    ],
                    "primary": {
                        "id": "subnet-0d22382d3485700e6",
                        "attributes": {
                            "assign_ipv6_address_on_creation": "false",
                            "availability_zone": "eu-west-1a",
                            "cidr_block": "10.5.0.0/24",
                            "id": "subnet-0d22382d3485700e6",
                            "map_public_ip_on_launch": "false",
                            "tags.%": "1",
                            "tags.Name": "subnet-app-manvir",
                            "vpc_id": "vpc-0dd89bfdd359d29a5"
                        },
                        "meta": {
                            "schema_version": "1"
                        },
                        "tainted": false
                    },
                    "deposed": [],
                    "provider": "provider.aws"
                },
                "aws_subnet.db_subnet": {
                    "type": "aws_subnet",
                    "depends_on": [
                        "aws_vpc.manvir_vpc"
                    ],
                    "primary": {
                        "id": "subnet-004f1b5ef19585b63",
                        "attributes": {
                            "assign_ipv6_address_on_creation": "false",
                            "availability_zone": "eu-west-1a",
                            "cidr_block": "10.5.1.0/24",
                            "id": "subnet-004f1b5ef19585b63",
                            "map_public_ip_on_launch": "false",
                            "tags.%": "1",
                            "tags.Name": "subnet-db-manvir",
                            "vpc_id": "vpc-0dd89bfdd359d29a5"
                        },
                        "meta": {
                            "schema_version": "1"
                        },
                        "tainted": false
                    },
                    "deposed": [],
                    "provider": "provider.aws"
                },
                "aws_subnet.elb_subnet": {
                    "type": "aws_subnet",
                    "depends_on": [
                        "aws_vpc.manvir_vpc"
                    ],
                    "primary": {
                        "id": "subnet-05e1d20fd61a710d4",
                        "attributes": {
                            "assign_ipv6_address_on_creation": "false",
                            "availability_zone": "eu-west-1a",
                            "cidr_block": "10.5.2.0/24",
                            "id": "subnet-05e1d20fd61a710d4",
                            "map_public_ip_on_launch": "false",
                            "tags.%": "1",
                            "tags.Name": "subnet-elb-manvir",
                            "vpc_id": "vpc-0dd89bfdd359d29a5"
                        },
                        "meta": {
                            "schema_version": "1"
                        },
                        "tainted": false
                    },
                    "deposed": [],
                    "provider": "provider.aws"
                },
                "aws_vpc.manvir_vpc": {
                    "type": "aws_vpc",
                    "depends_on": [],
                    "primary": {
                        "id": "vpc-0dd89bfdd359d29a5",
                        "attributes": {
                            "arn": "arn:aws:ec2:eu-west-1:135928476890:vpc/vpc-0dd89bfdd359d29a5",
                            "assign_generated_ipv6_cidr_block": "false",
                            "cidr_block": "10.5.0.0/16",
                            "default_network_acl_id": "acl-0403ccc51f20fa75b",
                            "default_route_table_id": "rtb-08b4ab2ab03139763",
                            "default_security_group_id": "sg-0741e3302202c312d",
                            "dhcp_options_id": "dopt-18d5d77d",
                            "enable_classiclink": "false",
                            "enable_classiclink_dns_support": "false",
                            "enable_dns_hostnames": "false",
                            "enable_dns_support": "true",
                            "id": "vpc-0dd89bfdd359d29a5",
                            "instance_tenancy": "default",
                            "main_route_table_id": "rtb-08b4ab2ab03139763",
                            "tags.%": "1",
                            "tags.Name": "manvir-vpc"
                        },
                        "meta": {
                            "schema_version": "1"
                        },
                        "tainted": false
                    },
                    "deposed": [],
                    "provider": "provider.aws"
                },
                "data.template_file.app_user_data": {
                    "type": "template_file",
                    "depends_on": [
                        "aws_instance.db_instance"
                    ],
                    "primary": {
                        "id": "1015ab576e85ea45e9412598415820adc22f3fdfb553c52018423d79a1586c62",
                        "attributes": {
                            "id": "1015ab576e85ea45e9412598415820adc22f3fdfb553c52018423d79a1586c62",
                            "rendered": "#!/bin/bash\n\nexport LC_ALL=c\ncd /home/ubuntu/app\nnpm install\nexport DB_HOST=mongodb://10.5.1.108:27017/posts\npm2 start app.js\n",
                            "template": "#!/bin/bash\n\nexport LC_ALL=c\ncd /home/ubuntu/app\nnpm install\nexport DB_HOST=${db_host}\npm2 start app.js\n",
                            "vars.%": "1",
                            "vars.db_host": "mongodb://10.5.1.108:27017/posts"
                        },
                        "meta": {},
                        "tainted": false
                    },
                    "deposed": [],
                    "provider": "provider.template"
                }
            },
            "depends_on": []
        }
    ]
}
